
Microsoft Visual Studio Solution File, Format Version 12.00
# Visual Studio Version 17
VisualStudioVersion = 17.2.32630.192
MinimumVisualStudioVersion = 10.0.40219.1
Project("{2150E333-8FDC-42A3-9474-1A3956D46DE8}") = "Doc", "Doc", "{E7B8D8F3-3D09-4F95-84E8-6DE4092CB0B6}"
	ProjectSection(SolutionItems) = preProject
		Document.txt = Document.txt
	EndProjectSection
EndProject
Project("{2150E333-8FDC-42A3-9474-1A3956D46DE8}") = "Test", "Test", "{650A1951-FA58-433B-8F1F-42FE6588DD93}"
EndProject
Project("{2150E333-8FDC-42A3-9474-1A3956D46DE8}") = "Source", "Source", "{1E403C1F-CB93-41EB-878D-9FE0F9A1D4C9}"
EndProject
Project("{2150E333-8FDC-42A3-9474-1A3956D46DE8}") = "Core", "Core", "{4334393F-45B1-412B-B6D6-16CE5755D8EF}"
EndProject
Project("{2150E333-8FDC-42A3-9474-1A3956D46DE8}") = "Infrastructure", "Infrastructure", "{A1C4D173-4625-441D-A632-F33014424C50}"
EndProject
Project("{2150E333-8FDC-42A3-9474-1A3956D46DE8}") = "Persistance", "Persistance", "{6C5043BC-EEEC-49E2-A44A-46D4A558CCDC}"
EndProject
Project("{9A19103F-16F7-4668-BE54-9A1E7A4F7556}") = "Endpoint", "Endpoint\Endpoint.csproj", "{78595E41-47A3-4E69-9A8D-52D7721C6DDE}"
EndProject
Project("{9A19103F-16F7-4668-BE54-9A1E7A4F7556}") = "Domain", "Domain\Domain.csproj", "{FE3E2474-EEF2-4599-95E7-560C9FB60866}"
EndProject
Project("{2150E333-8FDC-42A3-9474-1A3956D46DE8}") = "Cmn", "Cmn", "{A76D7F19-76EF-4F59-92AF-A27433D420F2}"
EndProject
Project("{9A19103F-16F7-4668-BE54-9A1E7A4F7556}") = "Common", "Common\Common.csproj", "{580FA180-5485-46ED-910C-82BB68A4D0DB}"
EndProject
Project("{9A19103F-16F7-4668-BE54-9A1E7A4F7556}") = "Application", "Application\Application.csproj", "{ECDAF40A-3839-4661-BD5A-BBE5BE60C833}"
EndProject
Project("{FAE04EC0-301F-11D3-BF4B-00C04F79EFBC}") = "Solution_Test", "Solution_Test\Solution_Test.csproj", "{78252C59-A4F9-4272-B21D-B8C8351E46C6}"
EndProject
Global
	GlobalSection(SolutionConfigurationPlatforms) = preSolution
		Debug|Any CPU = Debug|Any CPU
		Release|Any CPU = Release|Any CPU
	EndGlobalSection
	GlobalSection(ProjectConfigurationPlatforms) = postSolution
		{78595E41-47A3-4E69-9A8D-52D7721C6DDE}.Debug|Any CPU.ActiveCfg = Debug|Any CPU
		{78595E41-47A3-4E69-9A8D-52D7721C6DDE}.Debug|Any CPU.Build.0 = Debug|Any CPU
		{78595E41-47A3-4E69-9A8D-52D7721C6DDE}.Release|Any CPU.ActiveCfg = Release|Any CPU
		{78595E41-47A3-4E69-9A8D-52D7721C6DDE}.Release|Any CPU.Build.0 = Release|Any CPU
		{FE3E2474-EEF2-4599-95E7-560C9FB60866}.Debug|Any CPU.ActiveCfg = Debug|Any CPU
		{FE3E2474-EEF2-4599-95E7-560C9FB60866}.Debug|Any CPU.Build.0 = Debug|Any CPU
		{FE3E2474-EEF2-4599-95E7-560C9FB60866}.Release|Any CPU.ActiveCfg = Release|Any CPU
		{FE3E2474-EEF2-4599-95E7-560C9FB60866}.Release|Any CPU.Build.0 = Release|Any CPU
		{580FA180-5485-46ED-910C-82BB68A4D0DB}.Debug|Any CPU.ActiveCfg = Debug|Any CPU
		{580FA180-5485-46ED-910C-82BB68A4D0DB}.Debug|Any CPU.Build.0 = Debug|Any CPU
		{580FA180-5485-46ED-910C-82BB68A4D0DB}.Release|Any CPU.ActiveCfg = Release|Any CPU
		{580FA180-5485-46ED-910C-82BB68A4D0DB}.Release|Any CPU.Build.0 = Release|Any CPU
		{ECDAF40A-3839-4661-BD5A-BBE5BE60C833}.Debug|Any CPU.ActiveCfg = Debug|Any CPU
		{ECDAF40A-3839-4661-BD5A-BBE5BE60C833}.Debug|Any CPU.Build.0 = Debug|Any CPU
		{ECDAF40A-3839-4661-BD5A-BBE5BE60C833}.Release|Any CPU.ActiveCfg = Release|Any CPU
		{ECDAF40A-3839-4661-BD5A-BBE5BE60C833}.Release|Any CPU.Build.0 = Release|Any CPU
		{78252C59-A4F9-4272-B21D-B8C8351E46C6}.Debug|Any CPU.ActiveCfg = Debug|Any CPU
		{78252C59-A4F9-4272-B21D-B8C8351E46C6}.Debug|Any CPU.Build.0 = Debug|Any CPU
		{78252C59-A4F9-4272-B21D-B8C8351E46C6}.Release|Any CPU.ActiveCfg = Release|Any CPU
		{78252C59-A4F9-4272-B21D-B8C8351E46C6}.Release|Any CPU.Build.0 = Release|Any CPU
	EndGlobalSection
	GlobalSection(SolutionProperties) = preSolution
		HideSolutionNode = FALSE
	EndGlobalSection
	GlobalSection(NestedProjects) = preSolution
		{4334393F-45B1-412B-B6D6-16CE5755D8EF} = {1E403C1F-CB93-41EB-878D-9FE0F9A1D4C9}
		{A1C4D173-4625-441D-A632-F33014424C50} = {1E403C1F-CB93-41EB-878D-9FE0F9A1D4C9}
		{6C5043BC-EEEC-49E2-A44A-46D4A558CCDC} = {1E403C1F-CB93-41EB-878D-9FE0F9A1D4C9}
		{78595E41-47A3-4E69-9A8D-52D7721C6DDE} = {6C5043BC-EEEC-49E2-A44A-46D4A558CCDC}
		{FE3E2474-EEF2-4599-95E7-560C9FB60866} = {4334393F-45B1-412B-B6D6-16CE5755D8EF}
		{A76D7F19-76EF-4F59-92AF-A27433D420F2} = {1E403C1F-CB93-41EB-878D-9FE0F9A1D4C9}
		{580FA180-5485-46ED-910C-82BB68A4D0DB} = {A76D7F19-76EF-4F59-92AF-A27433D420F2}
		{ECDAF40A-3839-4661-BD5A-BBE5BE60C833} = {4334393F-45B1-412B-B6D6-16CE5755D8EF}
		{78252C59-A4F9-4272-B21D-B8C8351E46C6} = {650A1951-FA58-433B-8F1F-42FE6588DD93}
	EndGlobalSection
	GlobalSection(ExtensibilityGlobals) = postSolution
		SolutionGuid = {D5302D69-0A7E-4C57-8EEC-F848CC60C0F6}
	EndGlobalSection
EndGlobal
